<?xml version="1.0" encoding="utf-8"?>
<Project ToolsVersion="4.0" xmlns="http://schemas.microsoft.com/developer/msbuild/2003">
  <ItemGroup>
    <Filter Include="minhook">
      <UniqueIdentifier>{2e2046b2-c78b-4c81-85d0-4c7435bb6a62}</UniqueIdentifier>
    </Filter>
    <Filter Include="minhook\hde">
      <UniqueIdentifier>{6cf86a93-388b-48dc-beea-3c16d06b5139}</UniqueIdentifier>
    </Filter>
    <Filter Include="core">
      <UniqueIdentifier>{fe951998-4fa8-4637-85ff-24441db2a6f6}</UniqueIdentifier>
    </Filter>
    <Filter Include="source sdk">
      <UniqueIdentifier>{bb0cbc7f-1cb1-4978-9a9a-4a9996d3c0e4}</UniqueIdentifier>
    </Filter>
    <Filter Include="source sdk\classes">
      <UniqueIdentifier>{34dfb72c-4370-49f4-bb79-40c0cfadc351}</UniqueIdentifier>
    </Filter>
    <Filter Include="hacks">
      <UniqueIdentifier>{93995380-89BD-4b04-88EB-625FBE52EBFB}</UniqueIdentifier>
      <Extensions>h;hh;hpp;hxx;h++;hm;inl;inc;ipp;xsd</Extensions>
    </Filter>
    <Filter Include="source sdk\math">
      <UniqueIdentifier>{c62be084-3ae6-45e8-893a-8ffbe7a99d53}</UniqueIdentifier>
    </Filter>
  </ItemGroup>
  <ItemGroup>
    <ClCompile Include="minhook\buffer.c">
      <Filter>minhook</Filter>
    </ClCompile>
    <ClCompile Include="minhook\hook.c">
      <Filter>minhook</Filter>
    </ClCompile>
    <ClCompile Include="minhook\trampoline.c">
      <Filter>minhook</Filter>
    </ClCompile>
    <ClCompile Include="minhook\hde\hde32.c">
      <Filter>minhook\hde</Filter>
    </ClCompile>
    <ClCompile Include="minhook\hde\hde64.c">
      <Filter>minhook\hde</Filter>
    </ClCompile>
    <ClCompile Include="main.cpp" />
    <ClCompile Include="core\hooks.cpp">
      <Filter>core</Filter>
    </ClCompile>
    <ClCompile Include="source sdk\sdk.cpp">
      <Filter>source sdk</Filter>
    </ClCompile>
    <ClCompile Include="source sdk\math\vmatrix.cpp">
      <Filter>source sdk\math</Filter>
    </ClCompile>
  </ItemGroup>
  <ItemGroup>
    <ClInclude Include="minhook\buffer.h">
      <Filter>minhook</Filter>
    </ClInclude>
    <ClInclude Include="minhook\MinHook.h">
      <Filter>minhook</Filter>
    </ClInclude>
    <ClInclude Include="minhook\trampoline.h">
      <Filter>minhook</Filter>
    </ClInclude>
    <ClInclude Include="minhook\hde\hde32.h">
      <Filter>minhook\hde</Filter>
    </ClInclude>
    <ClInclude Include="minhook\hde\hde64.h">
      <Filter>minhook\hde</Filter>
    </ClInclude>
    <ClInclude Include="minhook\hde\pstdint.h">
      <Filter>minhook\hde</Filter>
    </ClInclude>
    <ClInclude Include="minhook\hde\table32.h">
      <Filter>minhook\hde</Filter>
    </ClInclude>
    <ClInclude Include="minhook\hde\table64.h">
      <Filter>minhook\hde</Filter>
    </ClInclude>
    <ClInclude Include="core\hooks.h">
      <Filter>core</Filter>
    </ClInclude>
    <ClInclude Include="source sdk\sdk.h">
      <Filter>source sdk</Filter>
    </ClInclude>
    <ClInclude Include="source sdk\classes\IVEngineClient.h">
      <Filter>source sdk\classes</Filter>
    </ClInclude>
    <ClInclude Include="source sdk\math.h">
      <Filter>source sdk</Filter>
    </ClInclude>
    <ClInclude Include="source sdk\classes\CEntity.h">
      <Filter>source sdk\classes</Filter>
    </ClInclude>
    <ClInclude Include="source sdk\classes\IClientEntityList.h">
      <Filter>source sdk\classes</Filter>
    </ClInclude>
    <ClInclude Include="source sdk\classes\IBaseClientDLL.h">
      <Filter>source sdk\classes</Filter>
    </ClInclude>
    <ClInclude Include="hacks\visuals.h">
      <Filter>hacks</Filter>
    </ClInclude>
    <ClInclude Include="source sdk\rendermanager.h">
      <Filter>source sdk</Filter>
    </ClInclude>
    <ClInclude Include="source sdk\math\qangle.h">
      <Filter>source sdk\math</Filter>
    </ClInclude>
    <ClInclude Include="source sdk\math\vmatrix.h">
      <Filter>source sdk\math</Filter>
    </ClInclude>
    <ClInclude Include="source sdk\math\vector.h">
      <Filter>source sdk\math</Filter>
    </ClInclude>
  </ItemGroup>
</Project>